// !$*UTF8*$!
{
	archiveVersion = 1;
	classes = {
	};
	objectVersion = 50;
	objects = {

/* Begin PBXBuildFile section */
		8E5C080E2643449200CB5D36 /* CacheManager.swift in Sources */ = {isa = PBXBuildFile; fileRef = 8E5C080D2643449200CB5D36 /* CacheManager.swift */; };
		8E5C081026434F1700CB5D36 /* DetailViewController.swift in Sources */ = {isa = PBXBuildFile; fileRef = 8E5C080F26434F1700CB5D36 /* DetailViewController.swift */; };
		8E7320D226431D7A0079F12A /* VideoTableViewCell.swift in Sources */ = {isa = PBXBuildFile; fileRef = 8E7320D126431D7A0079F12A /* VideoTableViewCell.swift */; };
		8E8C2F5A2640959400750FD5 /* Constants.swift in Sources */ = {isa = PBXBuildFile; fileRef = 8E8C2F592640959400750FD5 /* Constants.swift */; };
		8E8C2F5C2640993100750FD5 /* Video.swift in Sources */ = {isa = PBXBuildFile; fileRef = 8E8C2F5B2640993100750FD5 /* Video.swift */; };
		8E8C2F5E264099E900750FD5 /* Model.swift in Sources */ = {isa = PBXBuildFile; fileRef = 8E8C2F5D264099E900750FD5 /* Model.swift */; };
		8EEC2CB5263F016A0007FD94 /* AppDelegate.swift in Sources */ = {isa = PBXBuildFile; fileRef = 8EEC2CB4263F016A0007FD94 /* AppDelegate.swift */; };
		8EEC2CB7263F016A0007FD94 /* SceneDelegate.swift in Sources */ = {isa = PBXBuildFile; fileRef = 8EEC2CB6263F016A0007FD94 /* SceneDelegate.swift */; };
		8EEC2CB9263F016A0007FD94 /* ViewController.swift in Sources */ = {isa = PBXBuildFile; fileRef = 8EEC2CB8263F016A0007FD94 /* ViewController.swift */; };
		8EEC2CBC263F016A0007FD94 /* Main.storyboard in Resources */ = {isa = PBXBuildFile; fileRef = 8EEC2CBA263F016A0007FD94 /* Main.storyboard */; };
		8EEC2CBE263F016B0007FD94 /* Assets.xcassets in Resources */ = {isa = PBXBuildFile; fileRef = 8EEC2CBD263F016B0007FD94 /* Assets.xcassets */; };
		8EEC2CC1263F016B0007FD94 /* LaunchScreen.storyboard in Resources */ = {isa = PBXBuildFile; fileRef = 8EEC2CBF263F016B0007FD94 /* LaunchScreen.storyboard */; };
		8EF107DC2641D8A30098533F /* Response .swift in Sources */ = {isa = PBXBuildFile; fileRef = 8EF107DB2641D8A30098533F /* Response .swift */; };
/* End PBXBuildFile section */

/* Begin PBXFileReference section */
		8E5C080D2643449200CB5D36 /* CacheManager.swift */ = {isa = PBXFileReference; lastKnownFileType = sourcecode.swift; path = CacheManager.swift; sourceTree = "<group>"; };
		8E5C080F26434F1700CB5D36 /* DetailViewController.swift */ = {isa = PBXFileReference; lastKnownFileType = sourcecode.swift; path = DetailViewController.swift; sourceTree = "<group>"; };
		8E7320D126431D7A0079F12A /* VideoTableViewCell.swift */ = {isa = PBXFileReference; lastKnownFileType = sourcecode.swift; path = VideoTableViewCell.swift; sourceTree = "<group>"; };
		8E8C2F592640959400750FD5 /* Constants.swift */ = {isa = PBXFileReference; lastKnownFileType = sourcecode.swift; path = Constants.swift; sourceTree = "<group>"; };
		8E8C2F5B2640993100750FD5 /* Video.swift */ = {isa = PBXFileReference; lastKnownFileType = sourcecode.swift; path = Video.swift; sourceTree = "<group>"; };
		8E8C2F5D264099E900750FD5 /* Model.swift */ = {isa = PBXFileReference; lastKnownFileType = sourcecode.swift; path = Model.swift; sourceTree = "<group>"; };
		8EEC2CB1263F016A0007FD94 /* youtube_channel_App.app */ = {isa = PBXFileReference; explicitFileType = wrapper.application; includeInIndex = 0; path = youtube_channel_App.app; sourceTree = BUILT_PRODUCTS_DIR; };
		8EEC2CB4263F016A0007FD94 /* AppDelegate.swift */ = {isa = PBXFileReference; lastKnownFileType = sourcecode.swift; path = AppDelegate.swift; sourceTree = "<group>"; };
		8EEC2CB6263F016A0007FD94 /* SceneDelegate.swift */ = {isa = PBXFileReference; lastKnownFileType = sourcecode.swift; path = SceneDelegate.swift; sourceTree = "<group>"; };
		8EEC2CB8263F016A0007FD94 /* ViewController.swift */ = {isa = PBXFileReference; lastKnownFileType = sourcecode.swift; path = ViewController.swift; sourceTree = "<group>"; };
		8EEC2CBB263F016A0007FD94 /* Base */ = {isa = PBXFileReference; lastKnownFileType = file.storyboard; name = Base; path = Base.lproj/Main.storyboard; sourceTree = "<group>"; };
		8EEC2CBD263F016B0007FD94 /* Assets.xcassets */ = {isa = PBXFileReference; lastKnownFileType = folder.assetcatalog; path = Assets.xcassets; sourceTree = "<group>"; };
		8EEC2CC0263F016B0007FD94 /* Base */ = {isa = PBXFileReference; lastKnownFileType = file.storyboard; name = Base; path = Base.lproj/LaunchScreen.storyboard; sourceTree = "<group>"; };
		8EEC2CC2263F016B0007FD94 /* Info.plist */ = {isa = PBXFileReference; lastKnownFileType = text.plist.xml; path = Info.plist; sourceTree = "<group>"; };
		8EF107DB2641D8A30098533F /* Response .swift */ = {isa = PBXFileReference; lastKnownFileType = sourcecode.swift; path = "Response .swift"; sourceTree = "<group>"; };
/* End PBXFileReference section */

/* Begin PBXFrameworksBuildPhase section */
		8EEC2CAE263F016A0007FD94 /* Frameworks */ = {
			isa = PBXFrameworksBuildPhase;
			buildActionMask = 2147483647;
			files = (
			);
			runOnlyForDeploymentPostprocessing = 0;
		};
/* End PBXFrameworksBuildPhase section */

/* Begin PBXGroup section */
		8E7320D326431DC10079F12A /* view Controllers */ = {
			isa = PBXGroup;
			children = (
				8EEC2CB8263F016A0007FD94 /* ViewController.swift */,
				8E5C080F26434F1700CB5D36 /* DetailViewController.swift */,
			);
			path = "view Controllers";
			sourceTree = "<group>";
		};
		8E7320D426431DD40079F12A /* Views */ = {
			isa = PBXGroup;
			children = (
				8E7320D126431D7A0079F12A /* VideoTableViewCell.swift */,
			);
			path = Views;
			sourceTree = "<group>";
		};
		8E7320D526431DEF0079F12A /* Storyboards */ = {
			isa = PBXGroup;
			children = (
				8EEC2CBA263F016A0007FD94 /* Main.storyboard */,
				8EEC2CBF263F016B0007FD94 /* LaunchScreen.storyboard */,
			);
			path = Storyboards;
			sourceTree = "<group>";
		};
		8E7320D626431DFF0079F12A /* Models */ = {
			isa = PBXGroup;
			children = (
				8E8C2F5B2640993100750FD5 /* Video.swift */,
				8E8C2F5D264099E900750FD5 /* Model.swift */,
				8EF107DB2641D8A30098533F /* Response .swift */,
			);
			path = Models;
			sourceTree = "<group>";
		};
		8E7320D726431E080079F12A /* Helpers */ = {
			isa = PBXGroup;
			children = (
				8E8C2F592640959400750FD5 /* Constants.swift */,
				8E5C080D2643449200CB5D36 /* CacheManager.swift */,
			);
			path = Helpers;
			sourceTree = "<group>";
		};
		8EEC2CA8263F016A0007FD94 = {
			isa = PBXGroup;
			children = (
				8EEC2CB3263F016A0007FD94 /* youtube_channel_App */,
				8EEC2CB2263F016A0007FD94 /* Products */,
			);
			sourceTree = "<group>";
		};
		8EEC2CB2263F016A0007FD94 /* Products */ = {
			isa = PBXGroup;
			children = (
				8EEC2CB1263F016A0007FD94 /* youtube_channel_App.app */,
			);
			name = Products;
			sourceTree = "<group>";
		};
		8EEC2CB3263F016A0007FD94 /* youtube_channel_App */ = {
			isa = PBXGroup;
			children = (
				8EEC2CB4263F016A0007FD94 /* AppDelegate.swift */,
				8EEC2CB6263F016A0007FD94 /* SceneDelegate.swift */,
				8E7320D726431E080079F12A /* Helpers */,
				8E7320D626431DFF0079F12A /* Models */,
				8E7320D526431DEF0079F12A /* Storyboards */,
				8E7320D426431DD40079F12A /* Views */,
				8E7320D326431DC10079F12A /* view Controllers */,
				8EEC2CBD263F016B0007FD94 /* Assets.xcassets */,
				8EEC2CC2263F016B0007FD94 /* Info.plist */,
			);
			path = youtube_channel_App;
			sourceTree = "<group>";
		};
/* End PBXGroup section */

/* Begin PBXNativeTarget section */
		8EEC2CB0263F016A0007FD94 /* youtube_channel_App */ = {
			isa = PBXNativeTarget;
			buildConfigurationList = 8EEC2CC5263F016B0007FD94 /* Build configuration list for PBXNativeTarget "youtube_channel_App" */;
			buildPhases = (
				8EEC2CAD263F016A0007FD94 /* Sources */,
				8EEC2CAE263F016A0007FD94 /* Frameworks */,
				8EEC2CAF263F016A0007FD94 /* Resources */,
			);
			buildRules = (
			);
			dependencies = (
			);
			name = youtube_channel_App;
			productName = youtube_channel_App;
			productReference = 8EEC2CB1263F016A0007FD94 /* youtube_channel_App.app */;
			productType = "com.apple.product-type.application";
		};
/* End PBXNativeTarget section */

/* Begin PBXProject section */
		8EEC2CA9263F016A0007FD94 /* Project object */ = {
			isa = PBXProject;
			attributes = {
				LastSwiftUpdateCheck = 1250;
				LastUpgradeCheck = 1250;
				TargetAttributes = {
					8EEC2CB0263F016A0007FD94 = {
						CreatedOnToolsVersion = 12.5;
					};
				};
			};
			buildConfigurationList = 8EEC2CAC263F016A0007FD94 /* Build configuration list for PBXProject "youtube_channel_App" */;
			compatibilityVersion = "Xcode 9.3";
			developmentRegion = en;
			hasScannedForEncodings = 0;
			knownRegions = (
				en,
				Base,
			);
			mainGroup = 8EEC2CA8263F016A0007FD94;
			productRefGroup = 8EEC2CB2263F016A0007FD94 /* Products */;
			projectDirPath = "";
			projectRoot = "";
			targets = (
				8EEC2CB0263F016A0007FD94 /* youtube_channel_App */,
			);
		};
/* End PBXProject section */

/* Begin PBXResourcesBuildPhase section */
		8EEC2CAF263F016A0007FD94 /* Resources */ = {
			isa = PBXResourcesBuildPhase;
			buildActionMask = 2147483647;
			files = (
				8EEC2CC1263F016B0007FD94 /* LaunchScreen.storyboard in Resources */,
				8EEC2CBE263F016B0007FD94 /* Assets.xcassets in Resources */,
				8EEC2CBC263F016A0007FD94 /* Main.storyboard in Resources */,
			);
			runOnlyForDeploymentPostprocessing = 0;
		};
/* End PBXResourcesBuildPhase section */

/* Begin PBXSourcesBuildPhase section */
		8EEC2CAD263F016A0007FD94 /* Sources */ = {
			isa = PBXSourcesBuildPhase;
			buildActionMask = 2147483647;
			files = (
				8EEC2CB9263F016A0007FD94 /* ViewController.swift in Sources */,
				8E5C080E2643449200CB5D36 /* CacheManager.swift in Sources */,
				8EEC2CB5263F016A0007FD94 /* AppDelegate.swift in Sources */,
				8EF107DC2641D8A30098533F /* Response .swift in Sources */,
				8EEC2CB7263F016A0007FD94 /* SceneDelegate.swift in Sources */,
				8E8C2F5E264099E900750FD5 /* Model.swift in Sources */,
				8E7320D226431D7A0079F12A /* VideoTableViewCell.swift in Sources */,
				8E5C081026434F1700CB5D36 /* DetailViewController.swift in Sources */,
				8E8C2F5A2640959400750FD5 /* Constants.swift in Sources */,
				8E8C2F5C2640993100750FD5 /* Video.swift in Sources */,
			);
			runOnlyForDeploymentPostprocessing = 0;
		};
/* End PBXSourcesBuildPhase section */

/* Begin PBXVariantGroup section */
		8EEC2CBA263F016A0007FD94 /* Main.storyboard */ = {
			isa = PBXVariantGroup;
			children = (
				8EEC2CBB263F016A0007FD94 /* Base */,
			);
			name = Main.storyboard;
			sourceTree = "<group>";
		};
		8EEC2CBF263F016B0007FD94 /* LaunchScreen.storyboard */ = {
			isa = PBXVariantGroup;
			children = (
				8EEC2CC0263F016B0007FD94 /* Base */,
			);
			name = LaunchScreen.storyboard;
			sourceTree = "<group>";
		};
/* End PBXVariantGroup section */

/* Begin XCBuildConfiguration section */
		8EEC2CC3263F016B0007FD94 /* Debug */ = {
			isa = XCBuildConfiguration;
			buildSettings = {
				ALWAYS_SEARCH_USER_PATHS = NO;
				CLANG_ANALYZER_NONNULL = YES;
				CLANG_ANALYZER_NUMBER_OBJECT_CONVERSION = YES_AGGRESSIVE;
				CLANG_CXX_LANGUAGE_STANDARD = "gnu++14";
				CLANG_CXX_LIBRARY = "libc++";
				CLANG_ENABLE_MODULES = YES;
				CLANG_ENABLE_OBJC_ARC = YES;
				CLANG_ENABLE_OBJC_WEAK = YES;
				CLANG_WARN_BLOCK_CAPTURE_AUTORELEASING = YES;
				CLANG_WARN_BOOL_CONVERSION = YES;
				CLANG_WARN_COMMA = YES;
				CLANG_WARN_CONSTANT_CONVERSION = YES;
				CLANG_WARN_DEPRECATED_OBJC_IMPLEMENTATIONS = YES;
				CLANG_WARN_DIRECT_OBJC_ISA_USAGE = YES_ERROR;
				CLANG_WARN_DOCUMENTATION_COMMENTS = YES;
				CLANG_WARN_EMPTY_BODY = YES;
				CLANG_WARN_ENUM_CONVERSION = YES;
				CLANG_WARN_INFINITE_RECURSION = YES;
				CLANG_WARN_INT_CONVERSION = YES;
				CLANG_WARN_NON_LITERAL_NULL_CONVERSION = YES;
				CLANG_WARN_OBJC_IMPLICIT_RETAIN_SELF = YES;
				CLANG_WARN_OBJC_LITERAL_CONVERSION = YES;
				CLANG_WARN_OBJC_ROOT_CLASS = YES_ERROR;
				CLANG_WARN_QUOTED_INCLUDE_IN_FRAMEWORK_HEADER = YES;
				CLANG_WARN_RANGE_LOOP_ANALYSIS = YES;
				CLANG_WARN_STRICT_PROTOTYPES = YES;
				CLANG_WARN_SUSPICIOUS_MOVE = YES;
				CLANG_WARN_UNGUARDED_AVAILABILITY = YES_AGGRESSIVE;
				CLANG_WARN_UNREACHABLE_CODE = YES;
				CLANG_WARN__DUPLICATE_METHOD_MATCH = YES;
				COPY_PHASE_STRIP = NO;
				DEBUG_INFORMATION_FORMAT = dwarf;
				ENABLE_STRICT_OBJC_MSGSEND = YES;
				ENABLE_TESTABILITY = YES;
				GCC_C_LANGUAGE_STANDARD = gnu11;
				GCC_DYNAMIC_NO_PIC = NO;
				GCC_NO_COMMON_BLOCKS = YES;
				GCC_OPTIMIZATION_LEVEL = 0;
				GCC_PREPROCESSOR_DEFINITIONS = (
					"DEBUG=1",
					"$(inherited)",
				);
				GCC_WARN_64_TO_32_BIT_CONVERSION = YES;
				GCC_WARN_ABOUT_RETURN_TYPE = YES_ERROR;
				GCC_WARN_UNDECLARED_SELECTOR = YES;
				GCC_WARN_UNINITIALIZED_AUTOS = YES_AGGRESSIVE;
				GCC_WARN_UNUSED_FUNCTION = YES;
				GCC_WARN_UNUSED_VARIABLE = YES;
				IPHONEOS_DEPLOYMENT_TARGET = 14.5;
				MTL_ENABLE_DEBUG_INFO = INCLUDE_SOURCE;
				MTL_FAST_MATH = YES;
				ONLY_ACTIVE_ARCH = YES;
				SDKROOT = iphoneos;
				SWIFT_ACTIVE_COMPILATION_CONDITIONS = DEBUG;
				SWIFT_OPTIMIZATION_LEVEL = "-Onone";
			};
			name = Debug;
		};
		8EEC2CC4263F016B0007FD94 /* Release */ = {
			isa = XCBuildConfiguration;
			buildSettings = {
				ALWAYS_SEARCH_USER_PATHS = NO;
				CLANG_ANALYZER_NONNULL = YES;
				CLANG_ANALYZER_NUMBER_OBJECT_CONVERSION = YES_AGGRESSIVE;
				CLANG_CXX_LANGUAGE_STANDARD = "gnu++14";
				CLANG_CXX_LIBRARY = "libc++";
				CLANG_ENABLE_MODULES = YES;
				CLANG_ENABLE_OBJC_ARC = YES;
				CLANG_ENABLE_OBJC_WEAK = YES;
				CLANG_WARN_BLOCK_CAPTURE_AUTORELEASING = YES;
				CLANG_WARN_BOOL_CONVERSION = YES;
				CLANG_WARN_COMMA = YES;
				CLANG_WARN_CONSTANT_CONVERSION = YES;
				CLANG_WARN_DEPRECATED_OBJC_IMPLEMENTATIONS = YES;
				CLANG_WARN_DIRECT_OBJC_ISA_USAGE = YES_ERROR;
				CLANG_WARN_DOCUMENTATION_COMMENTS = YES;
				CLANG_WARN_EMPTY_BODY = YES;
				CLANG_WARN_ENUM_CONVERSION = YES;
				CLANG_WARN_INFINITE_RECURSION = YES;
				CLANG_WARN_INT_CONVERSION = YES;
				CLANG_WARN_NON_LITERAL_NULL_CONVERSION = YES;
				CLANG_WARN_OBJC_IMPLICIT_RETAIN_SELF = YES;
				CLANG_WARN_OBJC_LITERAL_CONVERSION = YES;
				CLANG_WARN_OBJC_ROOT_CLASS = YES_ERROR;
				CLANG_WARN_QUOTED_INCLUDE_IN_FRAMEWORK_HEADER = YES;
				CLANG_WARN_RANGE_LOOP_ANALYSIS = YES;
				CLANG_WARN_STRICT_PROTOTYPES = YES;
				CLANG_WARN_SUSPICIOUS_MOVE = YES;
				CLANG_WARN_UNGUARDED_AVAILABILITY = YES_AGGRESSIVE;
				CLANG_WARN_UNREACHABLE_CODE = YES;
				CLANG_WARN__DUPLICATE_METHOD_MATCH = YES;
				COPY_PHASE_STRIP = NO;
				DEBUG_INFORMATION_FORMAT = "dwarf-with-dsym";
				ENABLE_NS_ASSERTIONS = NO;
				ENABLE_STRICT_OBJC_MSGSEND = YES;
				GCC_C_LANGUAGE_STANDARD = gnu11;
				GCC_NO_COMMON_BLOCKS = YES;
				GCC_WARN_64_TO_32_BIT_CONVERSION = YES;
				GCC_WARN_ABOUT_RETURN_TYPE = YES_ERROR;
				GCC_WARN_UNDECLARED_SELECTOR = YES;
				GCC_WARN_UNINITIALIZED_AUTOS = YES_AGGRESSIVE;
				GCC_WARN_UNUSED_FUNCTION = YES;
				GCC_WARN_UNUSED_VARIABLE = YES;
				IPHONEOS_DEPLOYMENT_TARGET = 14.5;
				MTL_ENABLE_DEBUG_INFO = NO;
				MTL_FAST_MATH = YES;
				SDKROOT = iphoneos;
				SWIFT_COMPILATION_MODE = wholemodule;
				SWIFT_OPTIMIZATION_LEVEL = "-O";
				VALIDATE_PRODUCT = YES;
			};
			name = Release;
		};
		8EEC2CC6263F016B0007FD94 /* Debug */ = {
			isa = XCBuildConfiguration;
			buildSettings = {
				ASSETCATALOG_COMPILER_APPICON_NAME = AppIcon;
				ASSETCATALOG_COMPILER_GLOBAL_ACCENT_COLOR_NAME = AccentColor;
				CODE_SIGN_STYLE = Automatic;
				DEVELOPMENT_TEAM = T4J7YM9BGP;
				INFOPLIST_FILE = youtube_channel_App/Info.plist;
				LD_RUNPATH_SEARCH_PATHS = (
					"$(inherited)",
					"@executable_path/Frameworks",
				);
				PRODUCT_BUNDLE_IDENTIFIER = "com.developer.ironic.youtube-channel-App";
				PRODUCT_NAME = "$(TARGET_NAME)";
				SWIFT_VERSION = 5.0;
				TARGETED_DEVICE_FAMILY = "1,2";
			};
			name = Debug;
		};
		8EEC2CC7263F016B0007FD94 /* Release */ = {
			isa = XCBuildConfiguration;
			buildSettings = {
				ASSETCATALOG_COMPILER_APPICON_NAME = AppIcon;
				ASSETCATALOG_COMPILER_GLOBAL_ACCENT_COLOR_NAME = AccentColor;
				CODE_SIGN_STYLE = Automatic;
				DEVELOPMENT_TEAM = T4J7YM9BGP;
				INFOPLIST_FILE = youtube_channel_App/Info.plist;
				LD_RUNPATH_SEARCH_PATHS = (
					"$(inherited)",
					"@executable_path/Frameworks",
				);
				PRODUCT_BUNDLE_IDENTIFIER = "com.developer.ironic.youtube-channel-App";
				PRODUCT_NAME = "$(TARGET_NAME)";
				SWIFT_VERSION = 5.0;
				TARGETED_DEVICE_FAMILY = "1,2";
			};
			name = Release;
		};
/* End XCBuildConfiguration section */

/* Begin XCConfigurationList section */
		8EEC2CAC263F016A0007FD94 /* Build configuration list for PBXProject "youtube_channel_App" */ = {
			isa = XCConfigurationList;
			buildConfigurations = (
				8EEC2CC3263F016B0007FD94 /* Debug */,
				8EEC2CC4263F016B0007FD94 /* Release */,
			);
			defaultConfigurationIsVisible = 0;
			defaultConfigurationName = Release;
		};
		8EEC2CC5263F016B0007FD94 /* Build configuration list for PBXNativeTarget "youtube_channel_App" */ = {
			isa = XCConfigurationList;
			buildConfigurations = (
				8EEC2CC6263F016B0007FD94 /* Debug */,
				8EEC2CC7263F016B0007FD94 /* Release */,
			);
			defaultConfigurationIsVisible = 0;
			defaultConfigurationName = Release;
		};
/* End XCConfigurationList section */
	};
	rootObject = 8EEC2CA9263F016A0007FD94 /* Project object */;
}
